
Microsoft Visual Studio Solution File, Format Version 12.00
# Visual Studio Version 16
VisualStudioVersion = 16.0.30011.22
MinimumVisualStudioVersion = 10.0.40219.1
Project("{9A19103F-16F7-4668-BE54-9A1E7A4F7556}") = "SmallestEnclosingCircle", "SmallestEnclosingCircle.csproj", "{F67F77B0-5330-4AAE-AF17-78886636BE2E}"
EndProject
Global
	GlobalSection(SolutionConfigurationPlatforms) = preSolution
		Debug|Any CPU = Debug|Any CPU
		Release|Any CPU = Release|Any CPU
	EndGlobalSection
	GlobalSection(ProjectConfigurationPlatforms) = postSolution
		{F67F77B0-5330-4AAE-AF17-78886636BE2E}.Debug|Any CPU.ActiveCfg = Debug|Any CPU
		{F67F77B0-5330-4AAE-AF17-78886636BE2E}.Debug|Any CPU.Build.0 = Debug|Any CPU
		{F67F77B0-5330-4AAE-AF17-78886636BE2E}.Release|Any CPU.ActiveCfg = Release|Any CPU
		{F67F77B0-5330-4AAE-AF17-78886636BE2E}.Release|Any CPU.Build.0 = Release|Any CPU
	EndGlobalSection
	GlobalSection(SolutionProperties) = preSolution
		HideSolutionNode = FALSE
	EndGlobalSection
	GlobalSection(ExtensibilityGlobals) = postSolution
		SolutionGuid = {2CE46F06-6F82-4198-96B6-24BCAB0394FE}
	EndGlobalSection
EndGlobal
